# This file is automatically @generated by Cargo.
# It is not intended for manual editing.
version = 4

[[package]]
name = "rusagent"
version = "0.1.0"
dependencies = [
 "rustty-core",
]

[[package]]
name = "ruscp"
version = "0.1.0"
dependencies = [
 "rustty-core",
]

[[package]]
name = "rusftp"
version = "0.1.0"
dependencies = [
 "rustty-core",
]

[[package]]
name = "rusplink"
version = "0.1.0"
dependencies = [
 "rustty-core",
]

[[package]]
name = "rustty"
version = "0.1.0"
dependencies = [
 "rustty-core",
 "rustty-ui",
]

[[package]]
name = "rustty-core"
version = "0.1.0"

[[package]]
name = "rustty-ui"
version = "0.1.0"
dependencies = [
 "rustty-core",
]

[[package]]
name = "rusttygen"
version = "0.1.0"
dependencies = [
 "rustty-core",
]

[[package]]
name = "xtask"
version = "0.1.0"
dependencies = [
 "rustty-core",
]
